
Microsoft Visual Studio Solution File, Format Version 12.00
# Visual Studio Version 17
VisualStudioVersion = 17.1.32319.34
MinimumVisualStudioVersion = 10.0.40219.1
Project("{9A19103F-16F7-4668-BE54-9A1E7A4F7556}") = "Prediction", "Prediction\Prediction.csproj", "{060DF60E-5D4D-4781-BBE7-E3543F7895D1}"
EndProject
Project("{9A19103F-16F7-4668-BE54-9A1E7A4F7556}") = "Prediction.Core", "Prediction.Core\Prediction.Core.csproj", "{5CE24CD8-FDFC-42AE-BC37-74088DBB1FED}"
EndProject
Project("{9A19103F-16F7-4668-BE54-9A1E7A4F7556}") = "Tests", "Tests\Tests.csproj", "{BF941D32-9711-403D-84DB-8A570913B8B6}"
EndProject
Project("{FAE04EC0-301F-11D3-BF4B-00C04F79EFBC}") = "Prediction.DataProvider", "Prediction.DataProvider\Prediction.DataProvider.csproj", "{63293407-C6BE-4462-AC0B-512D54928790}"
EndProject
Global
	GlobalSection(SolutionConfigurationPlatforms) = preSolution
		Debug|Any CPU = Debug|Any CPU
		Release|Any CPU = Release|Any CPU
	EndGlobalSection
	GlobalSection(ProjectConfigurationPlatforms) = postSolution
		{060DF60E-5D4D-4781-BBE7-E3543F7895D1}.Debug|Any CPU.ActiveCfg = Debug|Any CPU
		{060DF60E-5D4D-4781-BBE7-E3543F7895D1}.Debug|Any CPU.Build.0 = Debug|Any CPU
		{060DF60E-5D4D-4781-BBE7-E3543F7895D1}.Release|Any CPU.ActiveCfg = Release|Any CPU
		{060DF60E-5D4D-4781-BBE7-E3543F7895D1}.Release|Any CPU.Build.0 = Release|Any CPU
		{5CE24CD8-FDFC-42AE-BC37-74088DBB1FED}.Debug|Any CPU.ActiveCfg = Debug|Any CPU
		{5CE24CD8-FDFC-42AE-BC37-74088DBB1FED}.Debug|Any CPU.Build.0 = Debug|Any CPU
		{5CE24CD8-FDFC-42AE-BC37-74088DBB1FED}.Release|Any CPU.ActiveCfg = Release|Any CPU
		{5CE24CD8-FDFC-42AE-BC37-74088DBB1FED}.Release|Any CPU.Build.0 = Release|Any CPU
		{BF941D32-9711-403D-84DB-8A570913B8B6}.Debug|Any CPU.ActiveCfg = Debug|Any CPU
		{BF941D32-9711-403D-84DB-8A570913B8B6}.Debug|Any CPU.Build.0 = Debug|Any CPU
		{BF941D32-9711-403D-84DB-8A570913B8B6}.Release|Any CPU.ActiveCfg = Release|Any CPU
		{BF941D32-9711-403D-84DB-8A570913B8B6}.Release|Any CPU.Build.0 = Release|Any CPU
		{63293407-C6BE-4462-AC0B-512D54928790}.Debug|Any CPU.ActiveCfg = Debug|Any CPU
		{63293407-C6BE-4462-AC0B-512D54928790}.Debug|Any CPU.Build.0 = Debug|Any CPU
		{63293407-C6BE-4462-AC0B-512D54928790}.Release|Any CPU.ActiveCfg = Release|Any CPU
		{63293407-C6BE-4462-AC0B-512D54928790}.Release|Any CPU.Build.0 = Release|Any CPU
	EndGlobalSection
	GlobalSection(SolutionProperties) = preSolution
		HideSolutionNode = FALSE
	EndGlobalSection
	GlobalSection(ExtensibilityGlobals) = postSolution
		SolutionGuid = {212C2C94-EAF6-408C-A04F-BEAF464C8965}
	EndGlobalSection
EndGlobal
